// !$*UTF8*$!
{
	archiveVersion = 1;
	classes = {
	};
	objectVersion = 46;
	objects = {

/* Begin PBXBuildFile section */
		7E62608B1533E5AD00D595F2 /* UIKit.framework in Frameworks */ = {isa = PBXBuildFile; fileRef = 7E62608A1533E5AD00D595F2 /* UIKit.framework */; };
		7E62608D1533E5AD00D595F2 /* Foundation.framework in Frameworks */ = {isa = PBXBuildFile; fileRef = 7E62608C1533E5AD00D595F2 /* Foundation.framework */; };
		7E62608F1533E5AD00D595F2 /* CoreGraphics.framework in Frameworks */ = {isa = PBXBuildFile; fileRef = 7E62608E1533E5AD00D595F2 /* CoreGraphics.framework */; };
		7E6260951533E5AD00D595F2 /* InfoPlist.strings in Resources */ = {isa = PBXBuildFile; fileRef = 7E6260931533E5AD00D595F2 /* InfoPlist.strings */; };
		7E6260971533E5AD00D595F2 /* main.m in Sources */ = {isa = PBXBuildFile; fileRef = 7E6260961533E5AD00D595F2 /* main.m */; };
		7E62609B1533E5AD00D595F2 /* UNAppDelegate.m in Sources */ = {isa = PBXBuildFile; fileRef = 7E62609A1533E5AD00D595F2 /* UNAppDelegate.m */; };
		7E6260A41533E5AD00D595F2 /* UNMapViewController.m in Sources */ = {isa = PBXBuildFile; fileRef = 7E6260A31533E5AD00D595F2 /* UNMapViewController.m */; };
		7E6260AB1534079500D595F2 /* MapKit.framework in Frameworks */ = {isa = PBXBuildFile; fileRef = 7E6260AA1534079500D595F2 /* MapKit.framework */; };
		7E6260AD1534092400D595F2 /* Application.xib in Resources */ = {isa = PBXBuildFile; fileRef = 7E6260AC1534092400D595F2 /* Application.xib */; };
		7E6260B015340A7C00D595F2 /* UNTexturedBox.m in Sources */ = {isa = PBXBuildFile; fileRef = 7E6260AF15340A7C00D595F2 /* UNTexturedBox.m */; };
		7E6260B215340E8400D595F2 /* Background@2x.jpg in Resources */ = {isa = PBXBuildFile; fileRef = 7E6260B115340E8400D595F2 /* Background@2x.jpg */; };
		7E6260B6153414F400D595F2 /* QuartzCore.framework in Frameworks */ = {isa = PBXBuildFile; fileRef = 7E6260B5153414F400D595F2 /* QuartzCore.framework */; };
		7E6260B815341CC100D595F2 /* UNMapView.xib in Resources */ = {isa = PBXBuildFile; fileRef = 7E6260B715341CC100D595F2 /* UNMapView.xib */; };
		7E6260BB1534344F00D595F2 /* UNRoundedBox.m in Sources */ = {isa = PBXBuildFile; fileRef = 7E6260BA1534344F00D595F2 /* UNRoundedBox.m */; };
		7E6260BE1534383C00D595F2 /* UNMarker.m in Sources */ = {isa = PBXBuildFile; fileRef = 7E6260BD1534383C00D595F2 /* UNMarker.m */; };
		7E6260C01534397900D595F2 /* Markers.plist in Resources */ = {isa = PBXBuildFile; fileRef = 7E6260BF1534397900D595F2 /* Markers.plist */; };
		7E6260D415355B1300D595F2 /* Markers in Resources */ = {isa = PBXBuildFile; fileRef = 7E6260D315355B1300D595F2 /* Markers */; };
		7E6260D71535997E00D595F2 /* UNButton.m in Sources */ = {isa = PBXBuildFile; fileRef = 7E6260D61535997E00D595F2 /* UNButton.m */; };
		7EDADD281536913800FB6255 /* UNMapView in Resources */ = {isa = PBXBuildFile; fileRef = 7EDADD271536913800FB6255 /* UNMapView */; };
		90C6E5641536DF6400E2E421 /* scale.bin in Resources */ = {isa = PBXBuildFile; fileRef = 90C6E5591536DF6400E2E421 /* scale.bin */; };
		90C6E5651536DF6400E2E421 /* scale.rtl in Resources */ = {isa = PBXBuildFile; fileRef = 90C6E55A1536DF6400E2E421 /* scale.rtl */; };
		90C6E5661536DF6400E2E421 /* scale10.ags in Resources */ = {isa = PBXBuildFile; fileRef = 90C6E55B1536DF6400E2E421 /* scale10.ags */; };
		90C6E5671536DF6400E2E421 /* scale11.ags in Resources */ = {isa = PBXBuildFile; fileRef = 90C6E55C1536DF6400E2E421 /* scale11.ags */; };
		90C6E5681536DF6400E2E421 /* scale12.ags in Resources */ = {isa = PBXBuildFile; fileRef = 90C6E55D1536DF6400E2E421 /* scale12.ags */; };
		90C6E5691536DF6400E2E421 /* scale13.ags in Resources */ = {isa = PBXBuildFile; fileRef = 90C6E55E1536DF6400E2E421 /* scale13.ags */; };
		90C6E56A1536DF6400E2E421 /* scale14.ags in Resources */ = {isa = PBXBuildFile; fileRef = 90C6E55F1536DF6400E2E421 /* scale14.ags */; };
		90C6E56B1536DF6400E2E421 /* scale6.ags in Resources */ = {isa = PBXBuildFile; fileRef = 90C6E5601536DF6400E2E421 /* scale6.ags */; };
		90C6E56C1536DF6400E2E421 /* scale7.ags in Resources */ = {isa = PBXBuildFile; fileRef = 90C6E5611536DF6400E2E421 /* scale7.ags */; };
		90C6E56D1536DF6400E2E421 /* scale8.ags in Resources */ = {isa = PBXBuildFile; fileRef = 90C6E5621536DF6400E2E421 /* scale8.ags */; };
		90C6E56E1536DF6400E2E421 /* scale9.ags in Resources */ = {isa = PBXBuildFile; fileRef = 90C6E5631536DF6400E2E421 /* scale9.ags */; };
		90C6E5821536E00000E2E421 /* UNRoute.m in Sources */ = {isa = PBXBuildFile; fileRef = 90C6E5811536E00000E2E421 /* UNRoute.m */; };
		90C6E5831536E69500E2E421 /* libMap.a in Frameworks */ = {isa = PBXBuildFile; fileRef = 90C6E5751536DF7C00E2E421 /* libMap.a */; };
		90C6E5851536E6A000E2E421 /* AVFoundation.framework in Frameworks */ = {isa = PBXBuildFile; fileRef = 90C6E5841536E6A000E2E421 /* AVFoundation.framework */; };
		90C6E5881536F7F800E2E421 /* UNStep.m in Sources */ = {isa = PBXBuildFile; fileRef = 90C6E5871536F7F800E2E421 /* UNStep.m */; };
		90E3EFEA1537CD090023A65D /* UNRouteView.xib in Resources */ = {isa = PBXBuildFile; fileRef = 90E3EFE91537CD090023A65D /* UNRouteView.xib */; };
		90E3EFEE1537CD1D0023A65D /* UNRouteViewController.m in Sources */ = {isa = PBXBuildFile; fileRef = 90E3EFED1537CD1D0023A65D /* UNRouteViewController.m */; };
		90E3EFF11537CE230023A65D /* UNRouteTableViewController.m in Sources */ = {isa = PBXBuildFile; fileRef = 90E3EFF01537CE230023A65D /* UNRouteTableViewController.m */; };
		90E3EFF41537D1520023A65D /* UNRouteTableViewCell.m in Sources */ = {isa = PBXBuildFile; fileRef = 90E3EFF31537D1520023A65D /* UNRouteTableViewCell.m */; };
		90E3EFF9153817000023A65D /* NSObject+Dump.m in Sources */ = {isa = PBXBuildFile; fileRef = 90E3EFF8153817000023A65D /* NSObject+Dump.m */; };
		90F6911D15381D3E00E353C4 /* Dummy.cpp in Sources */ = {isa = PBXBuildFile; fileRef = 90F6911C15381D3E00E353C4 /* Dummy.cpp */; };
/* End PBXBuildFile section */

/* Begin PBXFileReference section */
		7E6260861533E5AD00D595F2 /* Urban Navigation.app */ = {isa = PBXFileReference; explicitFileType = wrapper.application; includeInIndex = 0; path = "Urban Navigation.app"; sourceTree = BUILT_PRODUCTS_DIR; };
		7E62608A1533E5AD00D595F2 /* UIKit.framework */ = {isa = PBXFileReference; lastKnownFileType = wrapper.framework; name = UIKit.framework; path = System/Library/Frameworks/UIKit.framework; sourceTree = SDKROOT; };
		7E62608C1533E5AD00D595F2 /* Foundation.framework */ = {isa = PBXFileReference; lastKnownFileType = wrapper.framework; name = Foundation.framework; path = System/Library/Frameworks/Foundation.framework; sourceTree = SDKROOT; };
		7E62608E1533E5AD00D595F2 /* CoreGraphics.framework */ = {isa = PBXFileReference; lastKnownFileType = wrapper.framework; name = CoreGraphics.framework; path = System/Library/Frameworks/CoreGraphics.framework; sourceTree = SDKROOT; };
		7E6260921533E5AD00D595F2 /* Urban Navigation-Info.plist */ = {isa = PBXFileReference; lastKnownFileType = text.plist.xml; path = "Urban Navigation-Info.plist"; sourceTree = "<group>"; };
		7E6260941533E5AD00D595F2 /* en */ = {isa = PBXFileReference; lastKnownFileType = text.plist.strings; name = en; path = en.lproj/InfoPlist.strings; sourceTree = "<group>"; };
		7E6260961533E5AD00D595F2 /* main.m */ = {isa = PBXFileReference; lastKnownFileType = sourcecode.c.objc; path = main.m; sourceTree = "<group>"; };
		7E6260981533E5AD00D595F2 /* Urban Navigation-Prefix.pch */ = {isa = PBXFileReference; lastKnownFileType = sourcecode.c.h; path = "Urban Navigation-Prefix.pch"; sourceTree = "<group>"; };
		7E6260991533E5AD00D595F2 /* UNAppDelegate.h */ = {isa = PBXFileReference; lastKnownFileType = sourcecode.c.h; path = UNAppDelegate.h; sourceTree = "<group>"; };
		7E62609A1533E5AD00D595F2 /* UNAppDelegate.m */ = {isa = PBXFileReference; lastKnownFileType = sourcecode.c.objc; path = UNAppDelegate.m; sourceTree = "<group>"; };
		7E6260A21533E5AD00D595F2 /* UNMapViewController.h */ = {isa = PBXFileReference; lastKnownFileType = sourcecode.c.h; path = UNMapViewController.h; sourceTree = "<group>"; };
		7E6260A31533E5AD00D595F2 /* UNMapViewController.m */ = {isa = PBXFileReference; lastKnownFileType = sourcecode.c.objc; path = UNMapViewController.m; sourceTree = "<group>"; };
		7E6260AA1534079500D595F2 /* MapKit.framework */ = {isa = PBXFileReference; lastKnownFileType = wrapper.framework; name = MapKit.framework; path = System/Library/Frameworks/MapKit.framework; sourceTree = SDKROOT; };
		7E6260AC1534092400D595F2 /* Application.xib */ = {isa = PBXFileReference; fileEncoding = 4; lastKnownFileType = file.xib; path = Application.xib; sourceTree = "<group>"; };
		7E6260AE15340A7C00D595F2 /* UNTexturedBox.h */ = {isa = PBXFileReference; fileEncoding = 4; lastKnownFileType = sourcecode.c.h; path = UNTexturedBox.h; sourceTree = "<group>"; };
		7E6260AF15340A7C00D595F2 /* UNTexturedBox.m */ = {isa = PBXFileReference; fileEncoding = 4; lastKnownFileType = sourcecode.c.objc; path = UNTexturedBox.m; sourceTree = "<group>"; };
		7E6260B115340E8400D595F2 /* Background@2x.jpg */ = {isa = PBXFileReference; lastKnownFileType = image.jpeg; path = "Background@2x.jpg"; sourceTree = "<group>"; };
		7E6260B5153414F400D595F2 /* QuartzCore.framework */ = {isa = PBXFileReference; lastKnownFileType = wrapper.framework; name = QuartzCore.framework; path = System/Library/Frameworks/QuartzCore.framework; sourceTree = SDKROOT; };
		7E6260B715341CC100D595F2 /* UNMapView.xib */ = {isa = PBXFileReference; fileEncoding = 4; lastKnownFileType = file.xib; path = UNMapView.xib; sourceTree = "<group>"; };
		7E6260B91534344F00D595F2 /* UNRoundedBox.h */ = {isa = PBXFileReference; fileEncoding = 4; lastKnownFileType = sourcecode.c.h; path = UNRoundedBox.h; sourceTree = "<group>"; };
		7E6260BA1534344F00D595F2 /* UNRoundedBox.m */ = {isa = PBXFileReference; fileEncoding = 4; lastKnownFileType = sourcecode.c.objc; path = UNRoundedBox.m; sourceTree = "<group>"; };
		7E6260BC1534383C00D595F2 /* UNMarker.h */ = {isa = PBXFileReference; fileEncoding = 4; lastKnownFileType = sourcecode.c.h; path = UNMarker.h; sourceTree = "<group>"; };
		7E6260BD1534383C00D595F2 /* UNMarker.m */ = {isa = PBXFileReference; fileEncoding = 4; lastKnownFileType = sourcecode.c.objc; path = UNMarker.m; sourceTree = "<group>"; };
		7E6260BF1534397900D595F2 /* Markers.plist */ = {isa = PBXFileReference; fileEncoding = 4; lastKnownFileType = text.plist.xml; path = Markers.plist; sourceTree = "<group>"; };
		7E6260D315355B1300D595F2 /* Markers */ = {isa = PBXFileReference; lastKnownFileType = folder; path = Markers; sourceTree = "<group>"; };
		7E6260D51535997E00D595F2 /* UNButton.h */ = {isa = PBXFileReference; fileEncoding = 4; lastKnownFileType = sourcecode.c.h; path = UNButton.h; sourceTree = "<group>"; };
		7E6260D61535997E00D595F2 /* UNButton.m */ = {isa = PBXFileReference; fileEncoding = 4; lastKnownFileType = sourcecode.c.objc; path = UNButton.m; sourceTree = "<group>"; };
		7EDADD271536913800FB6255 /* UNMapView */ = {isa = PBXFileReference; lastKnownFileType = folder; path = UNMapView; sourceTree = "<group>"; };
		90C6E5591536DF6400E2E421 /* scale.bin */ = {isa = PBXFileReference; lastKnownFileType = archive.macbinary; path = scale.bin; sourceTree = "<group>"; };
		90C6E55A1536DF6400E2E421 /* scale.rtl */ = {isa = PBXFileReference; lastKnownFileType = file; path = scale.rtl; sourceTree = "<group>"; };
		90C6E55B1536DF6400E2E421 /* scale10.ags */ = {isa = PBXFileReference; lastKnownFileType = file; path = scale10.ags; sourceTree = "<group>"; };
		90C6E55C1536DF6400E2E421 /* scale11.ags */ = {isa = PBXFileReference; lastKnownFileType = file; path = scale11.ags; sourceTree = "<group>"; };
		90C6E55D1536DF6400E2E421 /* scale12.ags */ = {isa = PBXFileReference; lastKnownFileType = file; path = scale12.ags; sourceTree = "<group>"; };
		90C6E55E1536DF6400E2E421 /* scale13.ags */ = {isa = PBXFileReference; lastKnownFileType = file; path = scale13.ags; sourceTree = "<group>"; };
		90C6E55F1536DF6400E2E421 /* scale14.ags */ = {isa = PBXFileReference; lastKnownFileType = file; path = scale14.ags; sourceTree = "<group>"; };
		90C6E5601536DF6400E2E421 /* scale6.ags */ = {isa = PBXFileReference; lastKnownFileType = file; path = scale6.ags; sourceTree = "<group>"; };
		90C6E5611536DF6400E2E421 /* scale7.ags */ = {isa = PBXFileReference; lastKnownFileType = file; path = scale7.ags; sourceTree = "<group>"; };
		90C6E5621536DF6400E2E421 /* scale8.ags */ = {isa = PBXFileReference; lastKnownFileType = file; path = scale8.ags; sourceTree = "<group>"; };
		90C6E5631536DF6400E2E421 /* scale9.ags */ = {isa = PBXFileReference; lastKnownFileType = file; path = scale9.ags; sourceTree = "<group>"; };
		90C6E5711536DF7C00E2E421 /* libMap.a */ = {isa = PBXFileReference; lastKnownFileType = archive.ar; path = libMap.a; sourceTree = "<group>"; };
		90C6E5731536DF7C00E2E421 /* libMap.a */ = {isa = PBXFileReference; lastKnownFileType = archive.ar; path = libMap.a; sourceTree = "<group>"; };
		90C6E5751536DF7C00E2E421 /* libMap.a */ = {isa = PBXFileReference; lastKnownFileType = archive.ar; path = libMap.a; sourceTree = "<group>"; };
		90C6E5771536DF7C00E2E421 /* libMap.a */ = {isa = PBXFileReference; lastKnownFileType = archive.ar; path = libMap.a; sourceTree = "<group>"; };
		90C6E57D1536DF8700E2E421 /* Navigation.h */ = {isa = PBXFileReference; fileEncoding = 4; lastKnownFileType = sourcecode.c.h; path = Navigation.h; sourceTree = "<group>"; };
		90C6E57E1536DF8700E2E421 /* QMapEngine.h */ = {isa = PBXFileReference; fileEncoding = 4; lastKnownFileType = sourcecode.c.h; path = QMapEngine.h; sourceTree = "<group>"; };
		90C6E5801536E00000E2E421 /* UNRoute.h */ = {isa = PBXFileReference; fileEncoding = 4; lastKnownFileType = sourcecode.c.h; path = UNRoute.h; sourceTree = "<group>"; };
		90C6E5811536E00000E2E421 /* UNRoute.m */ = {isa = PBXFileReference; fileEncoding = 4; lastKnownFileType = sourcecode.c.objc; path = UNRoute.m; sourceTree = "<group>"; };
		90C6E5841536E6A000E2E421 /* AVFoundation.framework */ = {isa = PBXFileReference; lastKnownFileType = wrapper.framework; name = AVFoundation.framework; path = System/Library/Frameworks/AVFoundation.framework; sourceTree = SDKROOT; };
		90C6E5861536F7F800E2E421 /* UNStep.h */ = {isa = PBXFileReference; fileEncoding = 4; lastKnownFileType = sourcecode.c.h; path = UNStep.h; sourceTree = "<group>"; };
		90C6E5871536F7F800E2E421 /* UNStep.m */ = {isa = PBXFileReference; fileEncoding = 4; lastKnownFileType = sourcecode.c.objc; path = UNStep.m; sourceTree = "<group>"; };
		90E3EFE91537CD090023A65D /* UNRouteView.xib */ = {isa = PBXFileReference; fileEncoding = 4; lastKnownFileType = file.xib; path = UNRouteView.xib; sourceTree = "<group>"; };
		90E3EFEC1537CD1D0023A65D /* UNRouteViewController.h */ = {isa = PBXFileReference; fileEncoding = 4; lastKnownFileType = sourcecode.c.h; path = UNRouteViewController.h; sourceTree = "<group>"; };
		90E3EFED1537CD1D0023A65D /* UNRouteViewController.m */ = {isa = PBXFileReference; fileEncoding = 4; lastKnownFileType = sourcecode.c.objc; path = UNRouteViewController.m; sourceTree = "<group>"; };
		90E3EFEF1537CE230023A65D /* UNRouteTableViewController.h */ = {isa = PBXFileReference; fileEncoding = 4; lastKnownFileType = sourcecode.c.h; path = UNRouteTableViewController.h; sourceTree = "<group>"; };
		90E3EFF01537CE230023A65D /* UNRouteTableViewController.m */ = {isa = PBXFileReference; fileEncoding = 4; lastKnownFileType = sourcecode.c.objc; path = UNRouteTableViewController.m; sourceTree = "<group>"; };
		90E3EFF21537D1520023A65D /* UNRouteTableViewCell.h */ = {isa = PBXFileReference; fileEncoding = 4; lastKnownFileType = sourcecode.c.h; path = UNRouteTableViewCell.h; sourceTree = "<group>"; };
		90E3EFF31537D1520023A65D /* UNRouteTableViewCell.m */ = {isa = PBXFileReference; fileEncoding = 4; lastKnownFileType = sourcecode.c.objc; path = UNRouteTableViewCell.m; sourceTree = "<group>"; };
		90E3EFF7153817000023A65D /* NSObject+Dump.h */ = {isa = PBXFileReference; fileEncoding = 4; lastKnownFileType = sourcecode.c.h; path = "NSObject+Dump.h"; sourceTree = "<group>"; };
		90E3EFF8153817000023A65D /* NSObject+Dump.m */ = {isa = PBXFileReference; fileEncoding = 4; lastKnownFileType = sourcecode.c.objc; path = "NSObject+Dump.m"; sourceTree = "<group>"; };
		90F6911C15381D3E00E353C4 /* Dummy.cpp */ = {isa = PBXFileReference; fileEncoding = 4; lastKnownFileType = sourcecode.cpp.cpp; path = Dummy.cpp; sourceTree = "<group>"; };
/* End PBXFileReference section */

/* Begin PBXFrameworksBuildPhase section */
		7E6260831533E5AC00D595F2 /* Frameworks */ = {
			isa = PBXFrameworksBuildPhase;
			buildActionMask = 2147483647;
			files = (
				90C6E5851536E6A000E2E421 /* AVFoundation.framework in Frameworks */,
				7E6260B6153414F400D595F2 /* QuartzCore.framework in Frameworks */,
				7E6260AB1534079500D595F2 /* MapKit.framework in Frameworks */,
				7E62608B1533E5AD00D595F2 /* UIKit.framework in Frameworks */,
				7E62608D1533E5AD00D595F2 /* Foundation.framework in Frameworks */,
				7E62608F1533E5AD00D595F2 /* CoreGraphics.framework in Frameworks */,
				90C6E5831536E69500E2E421 /* libMap.a in Frameworks */,
			);
			runOnlyForDeploymentPostprocessing = 0;
		};
/* End PBXFrameworksBuildPhase section */

/* Begin PBXGroup section */
		7E62607B1533E5AC00D595F2 = {
			isa = PBXGroup;
			children = (
				90C6E53F1536DE2A00E2E421 /* QMapEngine */,
				7E6260901533E5AD00D595F2 /* Urban Navigation */,
				7E6260891533E5AD00D595F2 /* Frameworks */,
				7E6260871533E5AD00D595F2 /* Products */,
			);
			sourceTree = "<group>";
		};
		7E6260871533E5AD00D595F2 /* Products */ = {
			isa = PBXGroup;
			children = (
				7E6260861533E5AD00D595F2 /* Urban Navigation.app */,
			);
			name = Products;
			sourceTree = "<group>";
		};
		7E6260891533E5AD00D595F2 /* Frameworks */ = {
			isa = PBXGroup;
			children = (
				90C6E5841536E6A000E2E421 /* AVFoundation.framework */,
				7E6260B5153414F400D595F2 /* QuartzCore.framework */,
				7E6260AA1534079500D595F2 /* MapKit.framework */,
				7E62608A1533E5AD00D595F2 /* UIKit.framework */,
				7E62608C1533E5AD00D595F2 /* Foundation.framework */,
				7E62608E1533E5AD00D595F2 /* CoreGraphics.framework */,
			);
			name = Frameworks;
			sourceTree = "<group>";
		};
		7E6260901533E5AD00D595F2 /* Urban Navigation */ = {
			isa = PBXGroup;
			children = (
				90F6911C15381D3E00E353C4 /* Dummy.cpp */,
				90E3EFF7153817000023A65D /* NSObject+Dump.h */,
				90E3EFF8153817000023A65D /* NSObject+Dump.m */,
				90C6E5861536F7F800E2E421 /* UNStep.h */,
				90C6E5871536F7F800E2E421 /* UNStep.m */,
				90C6E5801536E00000E2E421 /* UNRoute.h */,
				90C6E5811536E00000E2E421 /* UNRoute.m */,
				7E6260AC1534092400D595F2 /* Application.xib */,
				7E6260991533E5AD00D595F2 /* UNAppDelegate.h */,
				7E62609A1533E5AD00D595F2 /* UNAppDelegate.m */,
				7E6260B715341CC100D595F2 /* UNMapView.xib */,
				7E6260A21533E5AD00D595F2 /* UNMapViewController.h */,
				7E6260A31533E5AD00D595F2 /* UNMapViewController.m */,
				90E3EFE91537CD090023A65D /* UNRouteView.xib */,
				90E3EFEC1537CD1D0023A65D /* UNRouteViewController.h */,
				90E3EFED1537CD1D0023A65D /* UNRouteViewController.m */,
				90E3EFEF1537CE230023A65D /* UNRouteTableViewController.h */,
				90E3EFF01537CE230023A65D /* UNRouteTableViewController.m */,
				90E3EFF21537D1520023A65D /* UNRouteTableViewCell.h */,
				90E3EFF31537D1520023A65D /* UNRouteTableViewCell.m */,
				7E6260AE15340A7C00D595F2 /* UNTexturedBox.h */,
				7E6260AF15340A7C00D595F2 /* UNTexturedBox.m */,
				7E6260B91534344F00D595F2 /* UNRoundedBox.h */,
				7E6260BA1534344F00D595F2 /* UNRoundedBox.m */,
				7E6260D51535997E00D595F2 /* UNButton.h */,
				7E6260D61535997E00D595F2 /* UNButton.m */,
				7E6260BC1534383C00D595F2 /* UNMarker.h */,
				7E6260BD1534383C00D595F2 /* UNMarker.m */,
				7E6260911533E5AD00D595F2 /* Supporting Files */,
			);
			path = "Urban Navigation";
			sourceTree = "<group>";
		};
		7E6260911533E5AD00D595F2 /* Supporting Files */ = {
			isa = PBXGroup;
			children = (
				7EDADD271536913800FB6255 /* UNMapView */,
				7E6260D315355B1300D595F2 /* Markers */,
				7E6260B115340E8400D595F2 /* Background@2x.jpg */,
				7E6260921533E5AD00D595F2 /* Urban Navigation-Info.plist */,
				7E6260931533E5AD00D595F2 /* InfoPlist.strings */,
				7E6260961533E5AD00D595F2 /* main.m */,
				7E6260981533E5AD00D595F2 /* Urban Navigation-Prefix.pch */,
				7E6260BF1534397900D595F2 /* Markers.plist */,
			);
			name = "Supporting Files";
			sourceTree = "<group>";
		};
		90C6E53F1536DE2A00E2E421 /* QMapEngine */ = {
			isa = PBXGroup;
			children = (
				90C6E57C1536DF8700E2E421 /* include */,
				90C6E56F1536DF7C00E2E421 /* lib */,
				90C6E5581536DF6400E2E421 /* map singapore en v2 */,
			);
			name = QMapEngine;
			sourceTree = "<group>";
		};
		90C6E5581536DF6400E2E421 /* map singapore en v2 */ = {
			isa = PBXGroup;
			children = (
				90C6E5591536DF6400E2E421 /* scale.bin */,
				90C6E55A1536DF6400E2E421 /* scale.rtl */,
				90C6E55B1536DF6400E2E421 /* scale10.ags */,
				90C6E55C1536DF6400E2E421 /* scale11.ags */,
				90C6E55D1536DF6400E2E421 /* scale12.ags */,
				90C6E55E1536DF6400E2E421 /* scale13.ags */,
				90C6E55F1536DF6400E2E421 /* scale14.ags */,
				90C6E5601536DF6400E2E421 /* scale6.ags */,
				90C6E5611536DF6400E2E421 /* scale7.ags */,
				90C6E5621536DF6400E2E421 /* scale8.ags */,
				90C6E5631536DF6400E2E421 /* scale9.ags */,
			);
			name = "map singapore en v2";
			path = "QMapEngine/resources/Map/map singapore en v2";
			sourceTree = "<group>";
		};
		90C6E56F1536DF7C00E2E421 /* lib */ = {
			isa = PBXGroup;
			children = (
				90C6E5701536DF7C00E2E421 /* Debug-iphoneos */,
				90C6E5721536DF7C00E2E421 /* Debug-iphonesimulator */,
				90C6E5741536DF7C00E2E421 /* Release-iphoneos */,
				90C6E5761536DF7C00E2E421 /* Release-iphonesimulator */,
			);
			name = lib;
			path = QMapEngine/lib;
			sourceTree = "<group>";
		};
		90C6E5701536DF7C00E2E421 /* Debug-iphoneos */ = {
			isa = PBXGroup;
			children = (
				90C6E5711536DF7C00E2E421 /* libMap.a */,
			);
			path = "Debug-iphoneos";
			sourceTree = "<group>";
		};
		90C6E5721536DF7C00E2E421 /* Debug-iphonesimulator */ = {
			isa = PBXGroup;
			children = (
				90C6E5731536DF7C00E2E421 /* libMap.a */,
			);
			path = "Debug-iphonesimulator";
			sourceTree = "<group>";
		};
		90C6E5741536DF7C00E2E421 /* Release-iphoneos */ = {
			isa = PBXGroup;
			children = (
				90C6E5751536DF7C00E2E421 /* libMap.a */,
			);
			path = "Release-iphoneos";
			sourceTree = "<group>";
		};
		90C6E5761536DF7C00E2E421 /* Release-iphonesimulator */ = {
			isa = PBXGroup;
			children = (
				90C6E5771536DF7C00E2E421 /* libMap.a */,
			);
			path = "Release-iphonesimulator";
			sourceTree = "<group>";
		};
		90C6E57C1536DF8700E2E421 /* include */ = {
			isa = PBXGroup;
			children = (
				90C6E57D1536DF8700E2E421 /* Navigation.h */,
				90C6E57E1536DF8700E2E421 /* QMapEngine.h */,
			);
			name = include;
			path = QMapEngine/include;
			sourceTree = "<group>";
		};
/* End PBXGroup section */

/* Begin PBXNativeTarget section */
		7E6260851533E5AC00D595F2 /* Urban Navigation */ = {
			isa = PBXNativeTarget;
			buildConfigurationList = 7E6260A71533E5AD00D595F2 /* Build configuration list for PBXNativeTarget "Urban Navigation" */;
			buildPhases = (
				7E6260821533E5AC00D595F2 /* Sources */,
				7E6260831533E5AC00D595F2 /* Frameworks */,
				7E6260841533E5AC00D595F2 /* Resources */,
			);
			buildRules = (
			);
			dependencies = (
			);
			name = "Urban Navigation";
			productName = "Urban Navigation";
			productReference = 7E6260861533E5AD00D595F2 /* Urban Navigation.app */;
			productType = "com.apple.product-type.application";
		};
/* End PBXNativeTarget section */

/* Begin PBXProject section */
		7E62607D1533E5AC00D595F2 /* Project object */ = {
			isa = PBXProject;
			attributes = {
				CLASSPREFIX = UN;
				LastUpgradeCheck = 0430;
				ORGANIZATIONNAME = "Orion Transfer Ltd";
			};
			buildConfigurationList = 7E6260801533E5AC00D595F2 /* Build configuration list for PBXProject "Urban Navigation" */;
			compatibilityVersion = "Xcode 3.2";
			developmentRegion = English;
			hasScannedForEncodings = 0;
			knownRegions = (
				en,
			);
			mainGroup = 7E62607B1533E5AC00D595F2;
			productRefGroup = 7E6260871533E5AD00D595F2 /* Products */;
			projectDirPath = "";
			projectRoot = "";
			targets = (
				7E6260851533E5AC00D595F2 /* Urban Navigation */,
			);
		};
/* End PBXProject section */

/* Begin PBXResourcesBuildPhase section */
		7E6260841533E5AC00D595F2 /* Resources */ = {
			isa = PBXResourcesBuildPhase;
			buildActionMask = 2147483647;
			files = (
				7E6260951533E5AD00D595F2 /* InfoPlist.strings in Resources */,
				7E6260AD1534092400D595F2 /* Application.xib in Resources */,
				7E6260B215340E8400D595F2 /* Background@2x.jpg in Resources */,
				7E6260B815341CC100D595F2 /* UNMapView.xib in Resources */,
				7E6260C01534397900D595F2 /* Markers.plist in Resources */,
				7E6260D415355B1300D595F2 /* Markers in Resources */,
				7EDADD281536913800FB6255 /* UNMapView in Resources */,
				90C6E5641536DF6400E2E421 /* scale.bin in Resources */,
				90C6E5651536DF6400E2E421 /* scale.rtl in Resources */,
				90C6E5661536DF6400E2E421 /* scale10.ags in Resources */,
				90C6E5671536DF6400E2E421 /* scale11.ags in Resources */,
				90C6E5681536DF6400E2E421 /* scale12.ags in Resources */,
				90C6E5691536DF6400E2E421 /* scale13.ags in Resources */,
				90C6E56A1536DF6400E2E421 /* scale14.ags in Resources */,
				90C6E56B1536DF6400E2E421 /* scale6.ags in Resources */,
				90C6E56C1536DF6400E2E421 /* scale7.ags in Resources */,
				90C6E56D1536DF6400E2E421 /* scale8.ags in Resources */,
				90C6E56E1536DF6400E2E421 /* scale9.ags in Resources */,
				90E3EFEA1537CD090023A65D /* UNRouteView.xib in Resources */,
			);
			runOnlyForDeploymentPostprocessing = 0;
		};
/* End PBXResourcesBuildPhase section */

/* Begin PBXSourcesBuildPhase section */
		7E6260821533E5AC00D595F2 /* Sources */ = {
			isa = PBXSourcesBuildPhase;
			buildActionMask = 2147483647;
			files = (
				7E6260971533E5AD00D595F2 /* main.m in Sources */,
				7E62609B1533E5AD00D595F2 /* UNAppDelegate.m in Sources */,
				7E6260A41533E5AD00D595F2 /* UNMapViewController.m in Sources */,
				7E6260B015340A7C00D595F2 /* UNTexturedBox.m in Sources */,
				7E6260BB1534344F00D595F2 /* UNRoundedBox.m in Sources */,
				7E6260BE1534383C00D595F2 /* UNMarker.m in Sources */,
				7E6260D71535997E00D595F2 /* UNButton.m in Sources */,
				90C6E5821536E00000E2E421 /* UNRoute.m in Sources */,
				90C6E5881536F7F800E2E421 /* UNStep.m in Sources */,
				90E3EFEE1537CD1D0023A65D /* UNRouteViewController.m in Sources */,
				90E3EFF11537CE230023A65D /* UNRouteTableViewController.m in Sources */,
				90E3EFF41537D1520023A65D /* UNRouteTableViewCell.m in Sources */,
				90E3EFF9153817000023A65D /* NSObject+Dump.m in Sources */,
				90F6911D15381D3E00E353C4 /* Dummy.cpp in Sources */,
			);
			runOnlyForDeploymentPostprocessing = 0;
		};
/* End PBXSourcesBuildPhase section */

/* Begin PBXVariantGroup section */
		7E6260931533E5AD00D595F2 /* InfoPlist.strings */ = {
			isa = PBXVariantGroup;
			children = (
				7E6260941533E5AD00D595F2 /* en */,
			);
			name = InfoPlist.strings;
			sourceTree = "<group>";
		};
/* End PBXVariantGroup section */

/* Begin XCBuildConfiguration section */
		7E6260A51533E5AD00D595F2 /* Debug */ = {
			isa = XCBuildConfiguration;
			buildSettings = {
				ALWAYS_SEARCH_USER_PATHS = NO;
				ARCHS = "$(ARCHS_STANDARD_32_BIT)";
				CLANG_ENABLE_OBJC_ARC = YES;
				"CODE_SIGN_IDENTITY[sdk=iphoneos*]" = "iPhone Developer";
				COPY_PHASE_STRIP = NO;
				GCC_C_LANGUAGE_STANDARD = gnu99;
				GCC_DYNAMIC_NO_PIC = NO;
				GCC_OPTIMIZATION_LEVEL = 0;
				GCC_PREPROCESSOR_DEFINITIONS = (
					"DEBUG=1",
					"$(inherited)",
				);
				GCC_SYMBOLS_PRIVATE_EXTERN = NO;
				GCC_VERSION = com.apple.compilers.llvm.clang.1_0;
				GCC_WARN_ABOUT_RETURN_TYPE = YES;
				GCC_WARN_UNINITIALIZED_AUTOS = YES;
				GCC_WARN_UNUSED_VARIABLE = YES;
				IPHONEOS_DEPLOYMENT_TARGET = 5.1;
				SDKROOT = iphoneos;
				TARGETED_DEVICE_FAMILY = "1,2";
			};
			name = Debug;
		};
		7E6260A61533E5AD00D595F2 /* Release */ = {
			isa = XCBuildConfiguration;
			buildSettings = {
				ALWAYS_SEARCH_USER_PATHS = NO;
				ARCHS = "$(ARCHS_STANDARD_32_BIT)";
				CLANG_ENABLE_OBJC_ARC = YES;
				"CODE_SIGN_IDENTITY[sdk=iphoneos*]" = "iPhone Developer";
				COPY_PHASE_STRIP = YES;
				GCC_C_LANGUAGE_STANDARD = gnu99;
				GCC_VERSION = com.apple.compilers.llvm.clang.1_0;
				GCC_WARN_ABOUT_RETURN_TYPE = YES;
				GCC_WARN_UNINITIALIZED_AUTOS = YES;
				GCC_WARN_UNUSED_VARIABLE = YES;
				IPHONEOS_DEPLOYMENT_TARGET = 5.1;
				OTHER_CFLAGS = "-DNS_BLOCK_ASSERTIONS=1";
				SDKROOT = iphoneos;
				TARGETED_DEVICE_FAMILY = "1,2";
				VALIDATE_PRODUCT = YES;
			};
			name = Release;
		};
		7E6260A81533E5AD00D595F2 /* Debug */ = {
			isa = XCBuildConfiguration;
			buildSettings = {
				GCC_PRECOMPILE_PREFIX_HEADER = YES;
				GCC_PREFIX_HEADER = "Urban Navigation/Urban Navigation-Prefix.pch";
				INFOPLIST_FILE = "Urban Navigation/Urban Navigation-Info.plist";
				IPHONEOS_DEPLOYMENT_TARGET = 5.1;
				LIBRARY_SEARCH_PATHS = (
					"$(inherited)",
					"\"$(SRCROOT)/QMapEngine/lib/Debug-iphoneos\"",
					"\"$(SRCROOT)/QMapEngine/lib/Debug-iphonesimulator\"",
					"\"$(SRCROOT)/QMapEngine/lib/Release-iphoneos\"",
					"\"$(SRCROOT)/QMapEngine/lib/Release-iphonesimulator\"",
				);
				OTHER_CFLAGS = "-DQ_MAP_ENGINE";
				PRODUCT_NAME = "$(TARGET_NAME)";
				TARGETED_DEVICE_FAMILY = "1,2";
				WRAPPER_EXTENSION = app;
			};
			name = Debug;
		};
		7E6260A91533E5AD00D595F2 /* Release */ = {
			isa = XCBuildConfiguration;
			buildSettings = {
				GCC_PRECOMPILE_PREFIX_HEADER = YES;
				GCC_PREFIX_HEADER = "Urban Navigation/Urban Navigation-Prefix.pch";
				INFOPLIST_FILE = "Urban Navigation/Urban Navigation-Info.plist";
				IPHONEOS_DEPLOYMENT_TARGET = 5.1;
				LIBRARY_SEARCH_PATHS = (
					"$(inherited)",
					"\"$(SRCROOT)/QMapEngine/lib/Debug-iphoneos\"",
					"\"$(SRCROOT)/QMapEngine/lib/Debug-iphonesimulator\"",
					"\"$(SRCROOT)/QMapEngine/lib/Release-iphoneos\"",
					"\"$(SRCROOT)/QMapEngine/lib/Release-iphonesimulator\"",
				);
				OTHER_CFLAGS = (
					"-DNS_BLOCK_ASSERTIONS=1",
					"-DQ_MAP_ENGINE",
				);
				PRODUCT_NAME = "$(TARGET_NAME)";
				TARGETED_DEVICE_FAMILY = "1,2";
				WRAPPER_EXTENSION = app;
			};
			name = Release;
		};
/* End XCBuildConfiguration section */

/* Begin XCConfigurationList section */
		7E6260801533E5AC00D595F2 /* Build configuration list for PBXProject "Urban Navigation" */ = {
			isa = XCConfigurationList;
			buildConfigurations = (
				7E6260A51533E5AD00D595F2 /* Debug */,
				7E6260A61533E5AD00D595F2 /* Release */,
			);
			defaultConfigurationIsVisible = 0;
			defaultConfigurationName = Release;
		};
		7E6260A71533E5AD00D595F2 /* Build configuration list for PBXNativeTarget "Urban Navigation" */ = {
			isa = XCConfigurationList;
			buildConfigurations = (
				7E6260A81533E5AD00D595F2 /* Debug */,
				7E6260A91533E5AD00D595F2 /* Release */,
			);
			defaultConfigurationIsVisible = 0;
			defaultConfigurationName = Release;
		};
/* End XCConfigurationList section */
	};
	rootObject = 7E62607D1533E5AC00D595F2 /* Project object */;
}
