// !$*UTF8*$!
{
	archiveVersion = 1;
	classes = {
	};
	objectVersion = 46;
	objects = {

/* Begin PBXBuildFile section */
		7E62608B1533E5AD00D595F2 /* UIKit.framework in Frameworks */ = {isa = PBXBuildFile; fileRef = 7E62608A1533E5AD00D595F2 /* UIKit.framework */; };
		7E62608D1533E5AD00D595F2 /* Foundation.framework in Frameworks */ = {isa = PBXBuildFile; fileRef = 7E62608C1533E5AD00D595F2 /* Foundation.framework */; };
		7E62608F1533E5AD00D595F2 /* CoreGraphics.framework in Frameworks */ = {isa = PBXBuildFile; fileRef = 7E62608E1533E5AD00D595F2 /* CoreGraphics.framework */; };
		7E6260951533E5AD00D595F2 /* InfoPlist.strings in Resources */ = {isa = PBXBuildFile; fileRef = 7E6260931533E5AD00D595F2 /* InfoPlist.strings */; };
		7E6260971533E5AD00D595F2 /* main.m in Sources */ = {isa = PBXBuildFile; fileRef = 7E6260961533E5AD00D595F2 /* main.m */; };
		7E62609B1533E5AD00D595F2 /* UNAppDelegate.m in Sources */ = {isa = PBXBuildFile; fileRef = 7E62609A1533E5AD00D595F2 /* UNAppDelegate.m */; };
		7E6260A41533E5AD00D595F2 /* UNMapViewController.m in Sources */ = {isa = PBXBuildFile; fileRef = 7E6260A31533E5AD00D595F2 /* UNMapViewController.m */; };
		7E6260AB1534079500D595F2 /* MapKit.framework in Frameworks */ = {isa = PBXBuildFile; fileRef = 7E6260AA1534079500D595F2 /* MapKit.framework */; };
		7E6260AD1534092400D595F2 /* Application.xib in Resources */ = {isa = PBXBuildFile; fileRef = 7E6260AC1534092400D595F2 /* Application.xib */; };
		7E6260B015340A7C00D595F2 /* UNTexturedBox.m in Sources */ = {isa = PBXBuildFile; fileRef = 7E6260AF15340A7C00D595F2 /* UNTexturedBox.m */; };
		7E6260B215340E8400D595F2 /* Background@2x.jpg in Resources */ = {isa = PBXBuildFile; fileRef = 7E6260B115340E8400D595F2 /* Background@2x.jpg */; };
		7E6260B6153414F400D595F2 /* QuartzCore.framework in Frameworks */ = {isa = PBXBuildFile; fileRef = 7E6260B5153414F400D595F2 /* QuartzCore.framework */; };
		7E6260B815341CC100D595F2 /* UNMapView.xib in Resources */ = {isa = PBXBuildFile; fileRef = 7E6260B715341CC100D595F2 /* UNMapView.xib */; };
		7E6260BB1534344F00D595F2 /* UNRoundedBox.m in Sources */ = {isa = PBXBuildFile; fileRef = 7E6260BA1534344F00D595F2 /* UNRoundedBox.m */; };
		7E6260BE1534383C00D595F2 /* UNMarker.m in Sources */ = {isa = PBXBuildFile; fileRef = 7E6260BD1534383C00D595F2 /* UNMarker.m */; };
		7E6260C01534397900D595F2 /* Markers.plist in Resources */ = {isa = PBXBuildFile; fileRef = 7E6260BF1534397900D595F2 /* Markers.plist */; };
		7E6260D415355B1300D595F2 /* Markers in Resources */ = {isa = PBXBuildFile; fileRef = 7E6260D315355B1300D595F2 /* Markers */; };
		7E6260D71535997E00D595F2 /* UNButton.m in Sources */ = {isa = PBXBuildFile; fileRef = 7E6260D61535997E00D595F2 /* UNButton.m */; };
		7EDADD281536913800FB6255 /* UNMapView in Resources */ = {isa = PBXBuildFile; fileRef = 7EDADD271536913800FB6255 /* UNMapView */; };
/* End PBXBuildFile section */

/* Begin PBXFileReference section */
		7E6260861533E5AD00D595F2 /* Urban Navigation.app */ = {isa = PBXFileReference; explicitFileType = wrapper.application; includeInIndex = 0; path = "Urban Navigation.app"; sourceTree = BUILT_PRODUCTS_DIR; };
		7E62608A1533E5AD00D595F2 /* UIKit.framework */ = {isa = PBXFileReference; lastKnownFileType = wrapper.framework; name = UIKit.framework; path = System/Library/Frameworks/UIKit.framework; sourceTree = SDKROOT; };
		7E62608C1533E5AD00D595F2 /* Foundation.framework */ = {isa = PBXFileReference; lastKnownFileType = wrapper.framework; name = Foundation.framework; path = System/Library/Frameworks/Foundation.framework; sourceTree = SDKROOT; };
		7E62608E1533E5AD00D595F2 /* CoreGraphics.framework */ = {isa = PBXFileReference; lastKnownFileType = wrapper.framework; name = CoreGraphics.framework; path = System/Library/Frameworks/CoreGraphics.framework; sourceTree = SDKROOT; };
		7E6260921533E5AD00D595F2 /* Urban Navigation-Info.plist */ = {isa = PBXFileReference; lastKnownFileType = text.plist.xml; path = "Urban Navigation-Info.plist"; sourceTree = "<group>"; };
		7E6260941533E5AD00D595F2 /* en */ = {isa = PBXFileReference; lastKnownFileType = text.plist.strings; name = en; path = en.lproj/InfoPlist.strings; sourceTree = "<group>"; };
		7E6260961533E5AD00D595F2 /* main.m */ = {isa = PBXFileReference; lastKnownFileType = sourcecode.c.objc; path = main.m; sourceTree = "<group>"; };
		7E6260981533E5AD00D595F2 /* Urban Navigation-Prefix.pch */ = {isa = PBXFileReference; lastKnownFileType = sourcecode.c.h; path = "Urban Navigation-Prefix.pch"; sourceTree = "<group>"; };
		7E6260991533E5AD00D595F2 /* UNAppDelegate.h */ = {isa = PBXFileReference; lastKnownFileType = sourcecode.c.h; path = UNAppDelegate.h; sourceTree = "<group>"; };
		7E62609A1533E5AD00D595F2 /* UNAppDelegate.m */ = {isa = PBXFileReference; lastKnownFileType = sourcecode.c.objc; path = UNAppDelegate.m; sourceTree = "<group>"; };
		7E6260A21533E5AD00D595F2 /* UNMapViewController.h */ = {isa = PBXFileReference; lastKnownFileType = sourcecode.c.h; path = UNMapViewController.h; sourceTree = "<group>"; };
		7E6260A31533E5AD00D595F2 /* UNMapViewController.m */ = {isa = PBXFileReference; lastKnownFileType = sourcecode.c.objc; path = UNMapViewController.m; sourceTree = "<group>"; };
		7E6260AA1534079500D595F2 /* MapKit.framework */ = {isa = PBXFileReference; lastKnownFileType = wrapper.framework; name = MapKit.framework; path = System/Library/Frameworks/MapKit.framework; sourceTree = SDKROOT; };
		7E6260AC1534092400D595F2 /* Application.xib */ = {isa = PBXFileReference; fileEncoding = 4; lastKnownFileType = file.xib; path = Application.xib; sourceTree = "<group>"; };
		7E6260AE15340A7C00D595F2 /* UNTexturedBox.h */ = {isa = PBXFileReference; fileEncoding = 4; lastKnownFileType = sourcecode.c.h; path = UNTexturedBox.h; sourceTree = "<group>"; };
		7E6260AF15340A7C00D595F2 /* UNTexturedBox.m */ = {isa = PBXFileReference; fileEncoding = 4; lastKnownFileType = sourcecode.c.objc; path = UNTexturedBox.m; sourceTree = "<group>"; };
		7E6260B115340E8400D595F2 /* Background@2x.jpg */ = {isa = PBXFileReference; lastKnownFileType = image.jpeg; path = "Background@2x.jpg"; sourceTree = "<group>"; };
		7E6260B5153414F400D595F2 /* QuartzCore.framework */ = {isa = PBXFileReference; lastKnownFileType = wrapper.framework; name = QuartzCore.framework; path = System/Library/Frameworks/QuartzCore.framework; sourceTree = SDKROOT; };
		7E6260B715341CC100D595F2 /* UNMapView.xib */ = {isa = PBXFileReference; fileEncoding = 4; lastKnownFileType = file.xib; path = UNMapView.xib; sourceTree = "<group>"; };
		7E6260B91534344F00D595F2 /* UNRoundedBox.h */ = {isa = PBXFileReference; fileEncoding = 4; lastKnownFileType = sourcecode.c.h; path = UNRoundedBox.h; sourceTree = "<group>"; };
		7E6260BA1534344F00D595F2 /* UNRoundedBox.m */ = {isa = PBXFileReference; fileEncoding = 4; lastKnownFileType = sourcecode.c.objc; path = UNRoundedBox.m; sourceTree = "<group>"; };
		7E6260BC1534383C00D595F2 /* UNMarker.h */ = {isa = PBXFileReference; fileEncoding = 4; lastKnownFileType = sourcecode.c.h; path = UNMarker.h; sourceTree = "<group>"; };
		7E6260BD1534383C00D595F2 /* UNMarker.m */ = {isa = PBXFileReference; fileEncoding = 4; lastKnownFileType = sourcecode.c.objc; path = UNMarker.m; sourceTree = "<group>"; };
		7E6260BF1534397900D595F2 /* Markers.plist */ = {isa = PBXFileReference; fileEncoding = 4; lastKnownFileType = text.plist.xml; path = Markers.plist; sourceTree = "<group>"; };
		7E6260D315355B1300D595F2 /* Markers */ = {isa = PBXFileReference; lastKnownFileType = folder; path = Markers; sourceTree = "<group>"; };
		7E6260D51535997E00D595F2 /* UNButton.h */ = {isa = PBXFileReference; fileEncoding = 4; lastKnownFileType = sourcecode.c.h; path = UNButton.h; sourceTree = "<group>"; };
		7E6260D61535997E00D595F2 /* UNButton.m */ = {isa = PBXFileReference; fileEncoding = 4; lastKnownFileType = sourcecode.c.objc; path = UNButton.m; sourceTree = "<group>"; };
		7EDADD271536913800FB6255 /* UNMapView */ = {isa = PBXFileReference; lastKnownFileType = folder; path = UNMapView; sourceTree = "<group>"; };
/* End PBXFileReference section */

/* Begin PBXFrameworksBuildPhase section */
		7E6260831533E5AC00D595F2 /* Frameworks */ = {
			isa = PBXFrameworksBuildPhase;
			buildActionMask = 2147483647;
			files = (
				7E6260B6153414F400D595F2 /* QuartzCore.framework in Frameworks */,
				7E6260AB1534079500D595F2 /* MapKit.framework in Frameworks */,
				7E62608B1533E5AD00D595F2 /* UIKit.framework in Frameworks */,
				7E62608D1533E5AD00D595F2 /* Foundation.framework in Frameworks */,
				7E62608F1533E5AD00D595F2 /* CoreGraphics.framework in Frameworks */,
			);
			runOnlyForDeploymentPostprocessing = 0;
		};
/* End PBXFrameworksBuildPhase section */

/* Begin PBXGroup section */
		7E62607B1533E5AC00D595F2 = {
			isa = PBXGroup;
			children = (
				7E6260901533E5AD00D595F2 /* Urban Navigation */,
				7E6260891533E5AD00D595F2 /* Frameworks */,
				7E6260871533E5AD00D595F2 /* Products */,
			);
			sourceTree = "<group>";
		};
		7E6260871533E5AD00D595F2 /* Products */ = {
			isa = PBXGroup;
			children = (
				7E6260861533E5AD00D595F2 /* Urban Navigation.app */,
			);
			name = Products;
			sourceTree = "<group>";
		};
		7E6260891533E5AD00D595F2 /* Frameworks */ = {
			isa = PBXGroup;
			children = (
				7E6260B5153414F400D595F2 /* QuartzCore.framework */,
				7E6260AA1534079500D595F2 /* MapKit.framework */,
				7E62608A1533E5AD00D595F2 /* UIKit.framework */,
				7E62608C1533E5AD00D595F2 /* Foundation.framework */,
				7E62608E1533E5AD00D595F2 /* CoreGraphics.framework */,
			);
			name = Frameworks;
			sourceTree = "<group>";
		};
		7E6260901533E5AD00D595F2 /* Urban Navigation */ = {
			isa = PBXGroup;
			children = (
				7E6260AC1534092400D595F2 /* Application.xib */,
				7E6260991533E5AD00D595F2 /* UNAppDelegate.h */,
				7E62609A1533E5AD00D595F2 /* UNAppDelegate.m */,
				7E6260B715341CC100D595F2 /* UNMapView.xib */,
				7E6260A21533E5AD00D595F2 /* UNMapViewController.h */,
				7E6260A31533E5AD00D595F2 /* UNMapViewController.m */,
				7E6260AE15340A7C00D595F2 /* UNTexturedBox.h */,
				7E6260AF15340A7C00D595F2 /* UNTexturedBox.m */,
				7E6260B91534344F00D595F2 /* UNRoundedBox.h */,
				7E6260BA1534344F00D595F2 /* UNRoundedBox.m */,
				7E6260D51535997E00D595F2 /* UNButton.h */,
				7E6260D61535997E00D595F2 /* UNButton.m */,
				7E6260BC1534383C00D595F2 /* UNMarker.h */,
				7E6260BD1534383C00D595F2 /* UNMarker.m */,
				7E6260911533E5AD00D595F2 /* Supporting Files */,
			);
			path = "Urban Navigation";
			sourceTree = "<group>";
		};
		7E6260911533E5AD00D595F2 /* Supporting Files */ = {
			isa = PBXGroup;
			children = (
				7EDADD271536913800FB6255 /* UNMapView */,
				7E6260D315355B1300D595F2 /* Markers */,
				7E6260B115340E8400D595F2 /* Background@2x.jpg */,
				7E6260921533E5AD00D595F2 /* Urban Navigation-Info.plist */,
				7E6260931533E5AD00D595F2 /* InfoPlist.strings */,
				7E6260961533E5AD00D595F2 /* main.m */,
				7E6260981533E5AD00D595F2 /* Urban Navigation-Prefix.pch */,
				7E6260BF1534397900D595F2 /* Markers.plist */,
			);
			name = "Supporting Files";
			sourceTree = "<group>";
		};
/* End PBXGroup section */

/* Begin PBXNativeTarget section */
		7E6260851533E5AC00D595F2 /* Urban Navigation */ = {
			isa = PBXNativeTarget;
			buildConfigurationList = 7E6260A71533E5AD00D595F2 /* Build configuration list for PBXNativeTarget "Urban Navigation" */;
			buildPhases = (
				7E6260821533E5AC00D595F2 /* Sources */,
				7E6260831533E5AC00D595F2 /* Frameworks */,
				7E6260841533E5AC00D595F2 /* Resources */,
			);
			buildRules = (
			);
			dependencies = (
			);
			name = "Urban Navigation";
			productName = "Urban Navigation";
			productReference = 7E6260861533E5AD00D595F2 /* Urban Navigation.app */;
			productType = "com.apple.product-type.application";
		};
/* End PBXNativeTarget section */

/* Begin PBXProject section */
		7E62607D1533E5AC00D595F2 /* Project object */ = {
			isa = PBXProject;
			attributes = {
				CLASSPREFIX = UN;
				LastUpgradeCheck = 0430;
				ORGANIZATIONNAME = "Orion Transfer Ltd";
			};
			buildConfigurationList = 7E6260801533E5AC00D595F2 /* Build configuration list for PBXProject "Urban Navigation" */;
			compatibilityVersion = "Xcode 3.2";
			developmentRegion = English;
			hasScannedForEncodings = 0;
			knownRegions = (
				en,
			);
			mainGroup = 7E62607B1533E5AC00D595F2;
			productRefGroup = 7E6260871533E5AD00D595F2 /* Products */;
			projectDirPath = "";
			projectRoot = "";
			targets = (
				7E6260851533E5AC00D595F2 /* Urban Navigation */,
			);
		};
/* End PBXProject section */

/* Begin PBXResourcesBuildPhase section */
		7E6260841533E5AC00D595F2 /* Resources */ = {
			isa = PBXResourcesBuildPhase;
			buildActionMask = 2147483647;
			files = (
				7E6260951533E5AD00D595F2 /* InfoPlist.strings in Resources */,
				7E6260AD1534092400D595F2 /* Application.xib in Resources */,
				7E6260B215340E8400D595F2 /* Background@2x.jpg in Resources */,
				7E6260B815341CC100D595F2 /* UNMapView.xib in Resources */,
				7E6260C01534397900D595F2 /* Markers.plist in Resources */,
				7E6260D415355B1300D595F2 /* Markers in Resources */,
				7EDADD281536913800FB6255 /* UNMapView in Resources */,
			);
			runOnlyForDeploymentPostprocessing = 0;
		};
/* End PBXResourcesBuildPhase section */

/* Begin PBXSourcesBuildPhase section */
		7E6260821533E5AC00D595F2 /* Sources */ = {
			isa = PBXSourcesBuildPhase;
			buildActionMask = 2147483647;
			files = (
				7E6260971533E5AD00D595F2 /* main.m in Sources */,
				7E62609B1533E5AD00D595F2 /* UNAppDelegate.m in Sources */,
				7E6260A41533E5AD00D595F2 /* UNMapViewController.m in Sources */,
				7E6260B015340A7C00D595F2 /* UNTexturedBox.m in Sources */,
				7E6260BB1534344F00D595F2 /* UNRoundedBox.m in Sources */,
				7E6260BE1534383C00D595F2 /* UNMarker.m in Sources */,
				7E6260D71535997E00D595F2 /* UNButton.m in Sources */,
			);
			runOnlyForDeploymentPostprocessing = 0;
		};
/* End PBXSourcesBuildPhase section */

/* Begin PBXVariantGroup section */
		7E6260931533E5AD00D595F2 /* InfoPlist.strings */ = {
			isa = PBXVariantGroup;
			children = (
				7E6260941533E5AD00D595F2 /* en */,
			);
			name = InfoPlist.strings;
			sourceTree = "<group>";
		};
/* End PBXVariantGroup section */

/* Begin XCBuildConfiguration section */
		7E6260A51533E5AD00D595F2 /* Debug */ = {
			isa = XCBuildConfiguration;
			buildSettings = {
				ALWAYS_SEARCH_USER_PATHS = NO;
				ARCHS = "$(ARCHS_STANDARD_32_BIT)";
				CLANG_ENABLE_OBJC_ARC = YES;
				"CODE_SIGN_IDENTITY[sdk=iphoneos*]" = "iPhone Developer";
				COPY_PHASE_STRIP = NO;
				GCC_C_LANGUAGE_STANDARD = gnu99;
				GCC_DYNAMIC_NO_PIC = NO;
				GCC_OPTIMIZATION_LEVEL = 0;
				GCC_PREPROCESSOR_DEFINITIONS = (
					"DEBUG=1",
					"$(inherited)",
				);
				GCC_SYMBOLS_PRIVATE_EXTERN = NO;
				GCC_VERSION = com.apple.compilers.llvm.clang.1_0;
				GCC_WARN_ABOUT_RETURN_TYPE = YES;
				GCC_WARN_UNINITIALIZED_AUTOS = YES;
				GCC_WARN_UNUSED_VARIABLE = YES;
				IPHONEOS_DEPLOYMENT_TARGET = 5.1;
				SDKROOT = iphoneos;
				TARGETED_DEVICE_FAMILY = "1,2";
			};
			name = Debug;
		};
		7E6260A61533E5AD00D595F2 /* Release */ = {
			isa = XCBuildConfiguration;
			buildSettings = {
				ALWAYS_SEARCH_USER_PATHS = NO;
				ARCHS = "$(ARCHS_STANDARD_32_BIT)";
				CLANG_ENABLE_OBJC_ARC = YES;
				"CODE_SIGN_IDENTITY[sdk=iphoneos*]" = "iPhone Developer";
				COPY_PHASE_STRIP = YES;
				GCC_C_LANGUAGE_STANDARD = gnu99;
				GCC_VERSION = com.apple.compilers.llvm.clang.1_0;
				GCC_WARN_ABOUT_RETURN_TYPE = YES;
				GCC_WARN_UNINITIALIZED_AUTOS = YES;
				GCC_WARN_UNUSED_VARIABLE = YES;
				IPHONEOS_DEPLOYMENT_TARGET = 5.1;
				OTHER_CFLAGS = "-DNS_BLOCK_ASSERTIONS=1";
				SDKROOT = iphoneos;
				TARGETED_DEVICE_FAMILY = "1,2";
				VALIDATE_PRODUCT = YES;
			};
			name = Release;
		};
		7E6260A81533E5AD00D595F2 /* Debug */ = {
			isa = XCBuildConfiguration;
			buildSettings = {
				GCC_PRECOMPILE_PREFIX_HEADER = YES;
				GCC_PREFIX_HEADER = "Urban Navigation/Urban Navigation-Prefix.pch";
				INFOPLIST_FILE = "Urban Navigation/Urban Navigation-Info.plist";
				PRODUCT_NAME = "$(TARGET_NAME)";
				WRAPPER_EXTENSION = app;
			};
			name = Debug;
		};
		7E6260A91533E5AD00D595F2 /* Release */ = {
			isa = XCBuildConfiguration;
			buildSettings = {
				GCC_PRECOMPILE_PREFIX_HEADER = YES;
				GCC_PREFIX_HEADER = "Urban Navigation/Urban Navigation-Prefix.pch";
				INFOPLIST_FILE = "Urban Navigation/Urban Navigation-Info.plist";
				PRODUCT_NAME = "$(TARGET_NAME)";
				WRAPPER_EXTENSION = app;
			};
			name = Release;
		};
/* End XCBuildConfiguration section */

/* Begin XCConfigurationList section */
		7E6260801533E5AC00D595F2 /* Build configuration list for PBXProject "Urban Navigation" */ = {
			isa = XCConfigurationList;
			buildConfigurations = (
				7E6260A51533E5AD00D595F2 /* Debug */,
				7E6260A61533E5AD00D595F2 /* Release */,
			);
			defaultConfigurationIsVisible = 0;
			defaultConfigurationName = Release;
		};
		7E6260A71533E5AD00D595F2 /* Build configuration list for PBXNativeTarget "Urban Navigation" */ = {
			isa = XCConfigurationList;
			buildConfigurations = (
				7E6260A81533E5AD00D595F2 /* Debug */,
				7E6260A91533E5AD00D595F2 /* Release */,
			);
			defaultConfigurationIsVisible = 0;
			defaultConfigurationName = Release;
		};
/* End XCConfigurationList section */
	};
	rootObject = 7E62607D1533E5AC00D595F2 /* Project object */;
}
